
Microsoft Visual Studio Solution File, Format Version 12.00
# Visual Studio 15
VisualStudioVersion = 15.0.28010.2019
MinimumVisualStudioVersion = 10.0.40219.1
Project("{FAE04EC0-301F-11D3-BF4B-00C04F79EFBC}") = "XmlToXml", "XmlToXml\XmlToXml.csproj", "{0838E0EA-8B21-4444-BBF9-E9394F760E89}"
EndProject
Global
	GlobalSection(SolutionConfigurationPlatforms) = preSolution
		Debug|Any CPU = Debug|Any CPU
		Release|Any CPU = Release|Any CPU
	EndGlobalSection
	GlobalSection(ProjectConfigurationPlatforms) = postSolution
		{0838E0EA-8B21-4444-BBF9-E9394F760E89}.Debug|Any CPU.ActiveCfg = Debug|Any CPU
		{0838E0EA-8B21-4444-BBF9-E9394F760E89}.Debug|Any CPU.Build.0 = Debug|Any CPU
		{0838E0EA-8B21-4444-BBF9-E9394F760E89}.Release|Any CPU.ActiveCfg = Release|Any CPU
		{0838E0EA-8B21-4444-BBF9-E9394F760E89}.Release|Any CPU.Build.0 = Release|Any CPU
	EndGlobalSection
	GlobalSection(SolutionProperties) = preSolution
		HideSolutionNode = FALSE
	EndGlobalSection
	GlobalSection(ExtensibilityGlobals) = postSolution
		SolutionGuid = {0DB1A5F5-840D-4F33-97EF-ACBC0DCD1F48}
	EndGlobalSection
EndGlobal
